// !$*UTF8*$!
{
	archiveVersion = 1;
	classes = {
	};
	objectVersion = 50;
	objects = {

/* Begin PBXBuildFile section */
		18ED432222BD505C00090DB5 /* AppDelegate.swift in Sources */ = {isa = PBXBuildFile; fileRef = 18ED432122BD505C00090DB5 /* AppDelegate.swift */; };
		18ED432722BD505C00090DB5 /* Main.storyboard in Resources */ = {isa = PBXBuildFile; fileRef = 18ED432522BD505C00090DB5 /* Main.storyboard */; };
		18ED432A22BD505C00090DB5 /* toDoList.xcdatamodeld in Sources */ = {isa = PBXBuildFile; fileRef = 18ED432822BD505C00090DB5 /* toDoList.xcdatamodeld */; };
		18ED432C22BD505E00090DB5 /* Assets.xcassets in Resources */ = {isa = PBXBuildFile; fileRef = 18ED432B22BD505E00090DB5 /* Assets.xcassets */; };
		18ED432F22BD505E00090DB5 /* LaunchScreen.storyboard in Resources */ = {isa = PBXBuildFile; fileRef = 18ED432D22BD505E00090DB5 /* LaunchScreen.storyboard */; };
		18ED433A22BD505E00090DB5 /* toDoListTests.swift in Sources */ = {isa = PBXBuildFile; fileRef = 18ED433922BD505E00090DB5 /* toDoListTests.swift */; };
		18ED434522BD505E00090DB5 /* toDoListUITests.swift in Sources */ = {isa = PBXBuildFile; fileRef = 18ED434422BD505E00090DB5 /* toDoListUITests.swift */; };
		18ED435322BD572E00090DB5 /* toDoTableViewController.swift in Sources */ = {isa = PBXBuildFile; fileRef = 18ED435222BD572E00090DB5 /* toDoTableViewController.swift */; };
		18ED435522BD58D000090DB5 /* toDo.swift in Sources */ = {isa = PBXBuildFile; fileRef = 18ED435422BD58D000090DB5 /* toDo.swift */; };
/* End PBXBuildFile section */

/* Begin PBXContainerItemProxy section */
		18ED433622BD505E00090DB5 /* PBXContainerItemProxy */ = {
			isa = PBXContainerItemProxy;
			containerPortal = 18ED431622BD505C00090DB5 /* Project object */;
			proxyType = 1;
			remoteGlobalIDString = 18ED431D22BD505C00090DB5;
			remoteInfo = toDoList;
		};
		18ED434122BD505E00090DB5 /* PBXContainerItemProxy */ = {
			isa = PBXContainerItemProxy;
			containerPortal = 18ED431622BD505C00090DB5 /* Project object */;
			proxyType = 1;
			remoteGlobalIDString = 18ED431D22BD505C00090DB5;
			remoteInfo = toDoList;
		};
/* End PBXContainerItemProxy section */

/* Begin PBXFileReference section */
		18ED431E22BD505C00090DB5 /* toDoList.app */ = {isa = PBXFileReference; explicitFileType = wrapper.application; includeInIndex = 0; path = toDoList.app; sourceTree = BUILT_PRODUCTS_DIR; };
		18ED432122BD505C00090DB5 /* AppDelegate.swift */ = {isa = PBXFileReference; lastKnownFileType = sourcecode.swift; path = AppDelegate.swift; sourceTree = "<group>"; };
		18ED432622BD505C00090DB5 /* Base */ = {isa = PBXFileReference; lastKnownFileType = file.storyboard; name = Base; path = Base.lproj/Main.storyboard; sourceTree = "<group>"; };
		18ED432922BD505C00090DB5 /* toDoList.xcdatamodel */ = {isa = PBXFileReference; lastKnownFileType = wrapper.xcdatamodel; path = toDoList.xcdatamodel; sourceTree = "<group>"; };
		18ED432B22BD505E00090DB5 /* Assets.xcassets */ = {isa = PBXFileReference; lastKnownFileType = folder.assetcatalog; path = Assets.xcassets; sourceTree = "<group>"; };
		18ED432E22BD505E00090DB5 /* Base */ = {isa = PBXFileReference; lastKnownFileType = file.storyboard; name = Base; path = Base.lproj/LaunchScreen.storyboard; sourceTree = "<group>"; };
		18ED433022BD505E00090DB5 /* Info.plist */ = {isa = PBXFileReference; lastKnownFileType = text.plist.xml; path = Info.plist; sourceTree = "<group>"; };
		18ED433522BD505E00090DB5 /* toDoListTests.xctest */ = {isa = PBXFileReference; explicitFileType = wrapper.cfbundle; includeInIndex = 0; path = toDoListTests.xctest; sourceTree = BUILT_PRODUCTS_DIR; };
		18ED433922BD505E00090DB5 /* toDoListTests.swift */ = {isa = PBXFileReference; lastKnownFileType = sourcecode.swift; path = toDoListTests.swift; sourceTree = "<group>"; };
		18ED433B22BD505E00090DB5 /* Info.plist */ = {isa = PBXFileReference; lastKnownFileType = text.plist.xml; path = Info.plist; sourceTree = "<group>"; };
		18ED434022BD505E00090DB5 /* toDoListUITests.xctest */ = {isa = PBXFileReference; explicitFileType = wrapper.cfbundle; includeInIndex = 0; path = toDoListUITests.xctest; sourceTree = BUILT_PRODUCTS_DIR; };
		18ED434422BD505E00090DB5 /* toDoListUITests.swift */ = {isa = PBXFileReference; lastKnownFileType = sourcecode.swift; path = toDoListUITests.swift; sourceTree = "<group>"; };
		18ED434622BD505E00090DB5 /* Info.plist */ = {isa = PBXFileReference; lastKnownFileType = text.plist.xml; path = Info.plist; sourceTree = "<group>"; };
		18ED435222BD572E00090DB5 /* toDoTableViewController.swift */ = {isa = PBXFileReference; lastKnownFileType = sourcecode.swift; path = toDoTableViewController.swift; sourceTree = "<group>"; };
		18ED435422BD58D000090DB5 /* toDo.swift */ = {isa = PBXFileReference; lastKnownFileType = sourcecode.swift; path = toDo.swift; sourceTree = "<group>"; };
/* End PBXFileReference section */

/* Begin PBXFrameworksBuildPhase section */
		18ED431B22BD505C00090DB5 /* Frameworks */ = {
			isa = PBXFrameworksBuildPhase;
			buildActionMask = 2147483647;
			files = (
			);
			runOnlyForDeploymentPostprocessing = 0;
		};
		18ED433222BD505E00090DB5 /* Frameworks */ = {
			isa = PBXFrameworksBuildPhase;
			buildActionMask = 2147483647;
			files = (
			);
			runOnlyForDeploymentPostprocessing = 0;
		};
		18ED433D22BD505E00090DB5 /* Frameworks */ = {
			isa = PBXFrameworksBuildPhase;
			buildActionMask = 2147483647;
			files = (
			);
			runOnlyForDeploymentPostprocessing = 0;
		};
/* End PBXFrameworksBuildPhase section */

/* Begin PBXGroup section */
		18ED431522BD505C00090DB5 = {
			isa = PBXGroup;
			children = (
				18ED432022BD505C00090DB5 /* toDoList */,
				18ED433822BD505E00090DB5 /* toDoListTests */,
				18ED434322BD505E00090DB5 /* toDoListUITests */,
				18ED431F22BD505C00090DB5 /* Products */,
			);
			sourceTree = "<group>";
		};
		18ED431F22BD505C00090DB5 /* Products */ = {
			isa = PBXGroup;
			children = (
				18ED431E22BD505C00090DB5 /* toDoList.app */,
				18ED433522BD505E00090DB5 /* toDoListTests.xctest */,
				18ED434022BD505E00090DB5 /* toDoListUITests.xctest */,
			);
			name = Products;
			sourceTree = "<group>";
		};
		18ED432022BD505C00090DB5 /* toDoList */ = {
			isa = PBXGroup;
			children = (
				18ED432122BD505C00090DB5 /* AppDelegate.swift */,
				18ED432522BD505C00090DB5 /* Main.storyboard */,
				18ED435222BD572E00090DB5 /* toDoTableViewController.swift */,
				18ED435422BD58D000090DB5 /* toDo.swift */,
				18ED432B22BD505E00090DB5 /* Assets.xcassets */,
				18ED432D22BD505E00090DB5 /* LaunchScreen.storyboard */,
				18ED433022BD505E00090DB5 /* Info.plist */,
				18ED432822BD505C00090DB5 /* toDoList.xcdatamodeld */,
			);
			path = toDoList;
			sourceTree = "<group>";
		};
		18ED433822BD505E00090DB5 /* toDoListTests */ = {
			isa = PBXGroup;
			children = (
				18ED433922BD505E00090DB5 /* toDoListTests.swift */,
				18ED433B22BD505E00090DB5 /* Info.plist */,
			);
			path = toDoListTests;
			sourceTree = "<group>";
		};
		18ED434322BD505E00090DB5 /* toDoListUITests */ = {
			isa = PBXGroup;
			children = (
				18ED434422BD505E00090DB5 /* toDoListUITests.swift */,
				18ED434622BD505E00090DB5 /* Info.plist */,
			);
			path = toDoListUITests;
			sourceTree = "<group>";
		};
/* End PBXGroup section */

/* Begin PBXNativeTarget section */
		18ED431D22BD505C00090DB5 /* toDoList */ = {
			isa = PBXNativeTarget;
			buildConfigurationList = 18ED434922BD505E00090DB5 /* Build configuration list for PBXNativeTarget "toDoList" */;
			buildPhases = (
				18ED431A22BD505C00090DB5 /* Sources */,
				18ED431B22BD505C00090DB5 /* Frameworks */,
				18ED431C22BD505C00090DB5 /* Resources */,
			);
			buildRules = (
			);
			dependencies = (
			);
			name = toDoList;
			productName = toDoList;
			productReference = 18ED431E22BD505C00090DB5 /* toDoList.app */;
			productType = "com.apple.product-type.application";
		};
		18ED433422BD505E00090DB5 /* toDoListTests */ = {
			isa = PBXNativeTarget;
			buildConfigurationList = 18ED434C22BD505E00090DB5 /* Build configuration list for PBXNativeTarget "toDoListTests" */;
			buildPhases = (
				18ED433122BD505E00090DB5 /* Sources */,
				18ED433222BD505E00090DB5 /* Frameworks */,
				18ED433322BD505E00090DB5 /* Resources */,
			);
			buildRules = (
			);
			dependencies = (
				18ED433722BD505E00090DB5 /* PBXTargetDependency */,
			);
			name = toDoListTests;
			productName = toDoListTests;
			productReference = 18ED433522BD505E00090DB5 /* toDoListTests.xctest */;
			productType = "com.apple.product-type.bundle.unit-test";
		};
		18ED433F22BD505E00090DB5 /* toDoListUITests */ = {
			isa = PBXNativeTarget;
			buildConfigurationList = 18ED434F22BD505E00090DB5 /* Build configuration list for PBXNativeTarget "toDoListUITests" */;
			buildPhases = (
				18ED433C22BD505E00090DB5 /* Sources */,
				18ED433D22BD505E00090DB5 /* Frameworks */,
				18ED433E22BD505E00090DB5 /* Resources */,
			);
			buildRules = (
			);
			dependencies = (
				18ED434222BD505E00090DB5 /* PBXTargetDependency */,
			);
			name = toDoListUITests;
			productName = toDoListUITests;
			productReference = 18ED434022BD505E00090DB5 /* toDoListUITests.xctest */;
			productType = "com.apple.product-type.bundle.ui-testing";
		};
/* End PBXNativeTarget section */

/* Begin PBXProject section */
		18ED431622BD505C00090DB5 /* Project object */ = {
			isa = PBXProject;
			attributes = {
				LastSwiftUpdateCheck = 1020;
				LastUpgradeCheck = 1020;
				ORGANIZATIONNAME = Apple;
				TargetAttributes = {
					18ED431D22BD505C00090DB5 = {
						CreatedOnToolsVersion = 10.2.1;
					};
					18ED433422BD505E00090DB5 = {
						CreatedOnToolsVersion = 10.2.1;
						TestTargetID = 18ED431D22BD505C00090DB5;
					};
					18ED433F22BD505E00090DB5 = {
						CreatedOnToolsVersion = 10.2.1;
						TestTargetID = 18ED431D22BD505C00090DB5;
					};
				};
			};
			buildConfigurationList = 18ED431922BD505C00090DB5 /* Build configuration list for PBXProject "toDoList" */;
			compatibilityVersion = "Xcode 9.3";
			developmentRegion = en;
			hasScannedForEncodings = 0;
			knownRegions = (
				en,
				Base,
			);
			mainGroup = 18ED431522BD505C00090DB5;
			productRefGroup = 18ED431F22BD505C00090DB5 /* Products */;
			projectDirPath = "";
			projectRoot = "";
			targets = (
				18ED431D22BD505C00090DB5 /* toDoList */,
				18ED433422BD505E00090DB5 /* toDoListTests */,
				18ED433F22BD505E00090DB5 /* toDoListUITests */,
			);
		};
/* End PBXProject section */

/* Begin PBXResourcesBuildPhase section */
		18ED431C22BD505C00090DB5 /* Resources */ = {
			isa = PBXResourcesBuildPhase;
			buildActionMask = 2147483647;
			files = (
				18ED432F22BD505E00090DB5 /* LaunchScreen.storyboard in Resources */,
				18ED432C22BD505E00090DB5 /* Assets.xcassets in Resources */,
				18ED432722BD505C00090DB5 /* Main.storyboard in Resources */,
			);
			runOnlyForDeploymentPostprocessing = 0;
		};
		18ED433322BD505E00090DB5 /* Resources */ = {
			isa = PBXResourcesBuildPhase;
			buildActionMask = 2147483647;
			files = (
			);
			runOnlyForDeploymentPostprocessing = 0;
		};
		18ED433E22BD505E00090DB5 /* Resources */ = {
			isa = PBXResourcesBuildPhase;
			buildActionMask = 2147483647;
			files = (
			);
			runOnlyForDeploymentPostprocessing = 0;
		};
/* End PBXResourcesBuildPhase section */

/* Begin PBXSourcesBuildPhase section */
		18ED431A22BD505C00090DB5 /* Sources */ = {
			isa = PBXSourcesBuildPhase;
			buildActionMask = 2147483647;
			files = (
				18ED432A22BD505C00090DB5 /* toDoList.xcdatamodeld in Sources */,
				18ED435322BD572E00090DB5 /* toDoTableViewController.swift in Sources */,
				18ED432222BD505C00090DB5 /* AppDelegate.swift in Sources */,
				18ED435522BD58D000090DB5 /* toDo.swift in Sources */,
			);
			runOnlyForDeploymentPostprocessing = 0;
		};
		18ED433122BD505E00090DB5 /* Sources */ = {
			isa = PBXSourcesBuildPhase;
			buildActionMask = 2147483647;
			files = (
				18ED433A22BD505E00090DB5 /* toDoListTests.swift in Sources */,
			);
			runOnlyForDeploymentPostprocessing = 0;
		};
		18ED433C22BD505E00090DB5 /* Sources */ = {
			isa = PBXSourcesBuildPhase;
			buildActionMask = 2147483647;
			files = (
				18ED434522BD505E00090DB5 /* toDoListUITests.swift in Sources */,
			);
			runOnlyForDeploymentPostprocessing = 0;
		};
/* End PBXSourcesBuildPhase section */

/* Begin PBXTargetDependency section */
		18ED433722BD505E00090DB5 /* PBXTargetDependency */ = {
			isa = PBXTargetDependency;
			target = 18ED431D22BD505C00090DB5 /* toDoList */;
			targetProxy = 18ED433622BD505E00090DB5 /* PBXContainerItemProxy */;
		};
		18ED434222BD505E00090DB5 /* PBXTargetDependency */ = {
			isa = PBXTargetDependency;
			target = 18ED431D22BD505C00090DB5 /* toDoList */;
			targetProxy = 18ED434122BD505E00090DB5 /* PBXContainerItemProxy */;
		};
/* End PBXTargetDependency section */

/* Begin PBXVariantGroup section */
		18ED432522BD505C00090DB5 /* Main.storyboard */ = {
			isa = PBXVariantGroup;
			children = (
				18ED432622BD505C00090DB5 /* Base */,
			);
			name = Main.storyboard;
			sourceTree = "<group>";
		};
		18ED432D22BD505E00090DB5 /* LaunchScreen.storyboard */ = {
			isa = PBXVariantGroup;
			children = (
				18ED432E22BD505E00090DB5 /* Base */,
			);
			name = LaunchScreen.storyboard;
			sourceTree = "<group>";
		};
/* End PBXVariantGroup section */

/* Begin XCBuildConfiguration section */
		18ED434722BD505E00090DB5 /* Debug */ = {
			isa = XCBuildConfiguration;
			buildSettings = {
				ALWAYS_SEARCH_USER_PATHS = NO;
				CLANG_ANALYZER_NONNULL = YES;
				CLANG_ANALYZER_NUMBER_OBJECT_CONVERSION = YES_AGGRESSIVE;
				CLANG_CXX_LANGUAGE_STANDARD = "gnu++14";
				CLANG_CXX_LIBRARY = "libc++";
				CLANG_ENABLE_MODULES = YES;
				CLANG_ENABLE_OBJC_ARC = YES;
				CLANG_ENABLE_OBJC_WEAK = YES;
				CLANG_WARN_BLOCK_CAPTURE_AUTORELEASING = YES;
				CLANG_WARN_BOOL_CONVERSION = YES;
				CLANG_WARN_COMMA = YES;
				CLANG_WARN_CONSTANT_CONVERSION = YES;
				CLANG_WARN_DEPRECATED_OBJC_IMPLEMENTATIONS = YES;
				CLANG_WARN_DIRECT_OBJC_ISA_USAGE = YES_ERROR;
				CLANG_WARN_DOCUMENTATION_COMMENTS = YES;
				CLANG_WARN_EMPTY_BODY = YES;
				CLANG_WARN_ENUM_CONVERSION = YES;
				CLANG_WARN_INFINITE_RECURSION = YES;
				CLANG_WARN_INT_CONVERSION = YES;
				CLANG_WARN_NON_LITERAL_NULL_CONVERSION = YES;
				CLANG_WARN_OBJC_IMPLICIT_RETAIN_SELF = YES;
				CLANG_WARN_OBJC_LITERAL_CONVERSION = YES;
				CLANG_WARN_OBJC_ROOT_CLASS = YES_ERROR;
				CLANG_WARN_RANGE_LOOP_ANALYSIS = YES;
				CLANG_WARN_STRICT_PROTOTYPES = YES;
				CLANG_WARN_SUSPICIOUS_MOVE = YES;
				CLANG_WARN_UNGUARDED_AVAILABILITY = YES_AGGRESSIVE;
				CLANG_WARN_UNREACHABLE_CODE = YES;
				CLANG_WARN__DUPLICATE_METHOD_MATCH = YES;
				CODE_SIGN_IDENTITY = "iPhone Developer";
				COPY_PHASE_STRIP = NO;
				DEBUG_INFORMATION_FORMAT = dwarf;
				ENABLE_STRICT_OBJC_MSGSEND = YES;
				ENABLE_TESTABILITY = YES;
				GCC_C_LANGUAGE_STANDARD = gnu11;
				GCC_DYNAMIC_NO_PIC = NO;
				GCC_NO_COMMON_BLOCKS = YES;
				GCC_OPTIMIZATION_LEVEL = 0;
				GCC_PREPROCESSOR_DEFINITIONS = (
					"DEBUG=1",
					"$(inherited)",
				);
				GCC_WARN_64_TO_32_BIT_CONVERSION = YES;
				GCC_WARN_ABOUT_RETURN_TYPE = YES_ERROR;
				GCC_WARN_UNDECLARED_SELECTOR = YES;
				GCC_WARN_UNINITIALIZED_AUTOS = YES_AGGRESSIVE;
				GCC_WARN_UNUSED_FUNCTION = YES;
				GCC_WARN_UNUSED_VARIABLE = YES;
				IPHONEOS_DEPLOYMENT_TARGET = 12.2;
				MTL_ENABLE_DEBUG_INFO = INCLUDE_SOURCE;
				MTL_FAST_MATH = YES;
				ONLY_ACTIVE_ARCH = YES;
				SDKROOT = iphoneos;
				SWIFT_ACTIVE_COMPILATION_CONDITIONS = DEBUG;
				SWIFT_OPTIMIZATION_LEVEL = "-Onone";
			};
			name = Debug;
		};
		18ED434822BD505E00090DB5 /* Release */ = {
			isa = XCBuildConfiguration;
			buildSettings = {
				ALWAYS_SEARCH_USER_PATHS = NO;
				CLANG_ANALYZER_NONNULL = YES;
				CLANG_ANALYZER_NUMBER_OBJECT_CONVERSION = YES_AGGRESSIVE;
				CLANG_CXX_LANGUAGE_STANDARD = "gnu++14";
				CLANG_CXX_LIBRARY = "libc++";
				CLANG_ENABLE_MODULES = YES;
				CLANG_ENABLE_OBJC_ARC = YES;
				CLANG_ENABLE_OBJC_WEAK = YES;
				CLANG_WARN_BLOCK_CAPTURE_AUTORELEASING = YES;
				CLANG_WARN_BOOL_CONVERSION = YES;
				CLANG_WARN_COMMA = YES;
				CLANG_WARN_CONSTANT_CONVERSION = YES;
				CLANG_WARN_DEPRECATED_OBJC_IMPLEMENTATIONS = YES;
				CLANG_WARN_DIRECT_OBJC_ISA_USAGE = YES_ERROR;
				CLANG_WARN_DOCUMENTATION_COMMENTS = YES;
				CLANG_WARN_EMPTY_BODY = YES;
				CLANG_WARN_ENUM_CONVERSION = YES;
				CLANG_WARN_INFINITE_RECURSION = YES;
				CLANG_WARN_INT_CONVERSION = YES;
				CLANG_WARN_NON_LITERAL_NULL_CONVERSION = YES;
				CLANG_WARN_OBJC_IMPLICIT_RETAIN_SELF = YES;
				CLANG_WARN_OBJC_LITERAL_CONVERSION = YES;
				CLANG_WARN_OBJC_ROOT_CLASS = YES_ERROR;
				CLANG_WARN_RANGE_LOOP_ANALYSIS = YES;
				CLANG_WARN_STRICT_PROTOTYPES = YES;
				CLANG_WARN_SUSPICIOUS_MOVE = YES;
				CLANG_WARN_UNGUARDED_AVAILABILITY = YES_AGGRESSIVE;
				CLANG_WARN_UNREACHABLE_CODE = YES;
				CLANG_WARN__DUPLICATE_METHOD_MATCH = YES;
				CODE_SIGN_IDENTITY = "iPhone Developer";
				COPY_PHASE_STRIP = NO;
				DEBUG_INFORMATION_FORMAT = "dwarf-with-dsym";
				ENABLE_NS_ASSERTIONS = NO;
				ENABLE_STRICT_OBJC_MSGSEND = YES;
				GCC_C_LANGUAGE_STANDARD = gnu11;
				GCC_NO_COMMON_BLOCKS = YES;
				GCC_WARN_64_TO_32_BIT_CONVERSION = YES;
				GCC_WARN_ABOUT_RETURN_TYPE = YES_ERROR;
				GCC_WARN_UNDECLARED_SELECTOR = YES;
				GCC_WARN_UNINITIALIZED_AUTOS = YES_AGGRESSIVE;
				GCC_WARN_UNUSED_FUNCTION = YES;
				GCC_WARN_UNUSED_VARIABLE = YES;
				IPHONEOS_DEPLOYMENT_TARGET = 12.2;
				MTL_ENABLE_DEBUG_INFO = NO;
				MTL_FAST_MATH = YES;
				SDKROOT = iphoneos;
				SWIFT_COMPILATION_MODE = wholemodule;
				SWIFT_OPTIMIZATION_LEVEL = "-O";
				VALIDATE_PRODUCT = YES;
			};
			name = Release;
		};
		18ED434A22BD505E00090DB5 /* Debug */ = {
			isa = XCBuildConfiguration;
			buildSettings = {
				ASSETCATALOG_COMPILER_APPICON_NAME = AppIcon;
				CODE_SIGN_STYLE = Automatic;
				INFOPLIST_FILE = toDoList/Info.plist;
				LD_RUNPATH_SEARCH_PATHS = (
					"$(inherited)",
					"@executable_path/Frameworks",
				);
				PRODUCT_BUNDLE_IDENTIFIER = "Athena-Salomons.toDoList";
				PRODUCT_NAME = "$(TARGET_NAME)";
				SWIFT_VERSION = 5.0;
				TARGETED_DEVICE_FAMILY = "1,2";
			};
			name = Debug;
		};
		18ED434B22BD505E00090DB5 /* Release */ = {
			isa = XCBuildConfiguration;
			buildSettings = {
				ASSETCATALOG_COMPILER_APPICON_NAME = AppIcon;
				CODE_SIGN_STYLE = Automatic;
				INFOPLIST_FILE = toDoList/Info.plist;
				LD_RUNPATH_SEARCH_PATHS = (
					"$(inherited)",
					"@executable_path/Frameworks",
				);
				PRODUCT_BUNDLE_IDENTIFIER = "Athena-Salomons.toDoList";
				PRODUCT_NAME = "$(TARGET_NAME)";
				SWIFT_VERSION = 5.0;
				TARGETED_DEVICE_FAMILY = "1,2";
			};
			name = Release;
		};
		18ED434D22BD505E00090DB5 /* Debug */ = {
			isa = XCBuildConfiguration;
			buildSettings = {
				ALWAYS_EMBED_SWIFT_STANDARD_LIBRARIES = YES;
				BUNDLE_LOADER = "$(TEST_HOST)";
				CODE_SIGN_STYLE = Automatic;
				INFOPLIST_FILE = toDoListTests/Info.plist;
				LD_RUNPATH_SEARCH_PATHS = (
					"$(inherited)",
					"@executable_path/Frameworks",
					"@loader_path/Frameworks",
				);
				PRODUCT_BUNDLE_IDENTIFIER = "Athena-Salomons.toDoListTests";
				PRODUCT_NAME = "$(TARGET_NAME)";
				SWIFT_VERSION = 5.0;
				TARGETED_DEVICE_FAMILY = "1,2";
				TEST_HOST = "$(BUILT_PRODUCTS_DIR)/toDoList.app/toDoList";
			};
			name = Debug;
		};
		18ED434E22BD505E00090DB5 /* Release */ = {
			isa = XCBuildConfiguration;
			buildSettings = {
				ALWAYS_EMBED_SWIFT_STANDARD_LIBRARIES = YES;
				BUNDLE_LOADER = "$(TEST_HOST)";
				CODE_SIGN_STYLE = Automatic;
				INFOPLIST_FILE = toDoListTests/Info.plist;
				LD_RUNPATH_SEARCH_PATHS = (
					"$(inherited)",
					"@executable_path/Frameworks",
					"@loader_path/Frameworks",
				);
				PRODUCT_BUNDLE_IDENTIFIER = "Athena-Salomons.toDoListTests";
				PRODUCT_NAME = "$(TARGET_NAME)";
				SWIFT_VERSION = 5.0;
				TARGETED_DEVICE_FAMILY = "1,2";
				TEST_HOST = "$(BUILT_PRODUCTS_DIR)/toDoList.app/toDoList";
			};
			name = Release;
		};
		18ED435022BD505E00090DB5 /* Debug */ = {
			isa = XCBuildConfiguration;
			buildSettings = {
				ALWAYS_EMBED_SWIFT_STANDARD_LIBRARIES = YES;
				CODE_SIGN_STYLE = Automatic;
				INFOPLIST_FILE = toDoListUITests/Info.plist;
				LD_RUNPATH_SEARCH_PATHS = (
					"$(inherited)",
					"@executable_path/Frameworks",
					"@loader_path/Frameworks",
				);
				PRODUCT_BUNDLE_IDENTIFIER = "Athena-Salomons.toDoListUITests";
				PRODUCT_NAME = "$(TARGET_NAME)";
				SWIFT_VERSION = 5.0;
				TARGETED_DEVICE_FAMILY = "1,2";
				TEST_TARGET_NAME = toDoList;
			};
			name = Debug;
		};
		18ED435122BD505E00090DB5 /* Release */ = {
			isa = XCBuildConfiguration;
			buildSettings = {
				ALWAYS_EMBED_SWIFT_STANDARD_LIBRARIES = YES;
				CODE_SIGN_STYLE = Automatic;
				INFOPLIST_FILE = toDoListUITests/Info.plist;
				LD_RUNPATH_SEARCH_PATHS = (
					"$(inherited)",
					"@executable_path/Frameworks",
					"@loader_path/Frameworks",
				);
				PRODUCT_BUNDLE_IDENTIFIER = "Athena-Salomons.toDoListUITests";
				PRODUCT_NAME = "$(TARGET_NAME)";
				SWIFT_VERSION = 5.0;
				TARGETED_DEVICE_FAMILY = "1,2";
				TEST_TARGET_NAME = toDoList;
			};
			name = Release;
		};
/* End XCBuildConfiguration section */

/* Begin XCConfigurationList section */
		18ED431922BD505C00090DB5 /* Build configuration list for PBXProject "toDoList" */ = {
			isa = XCConfigurationList;
			buildConfigurations = (
				18ED434722BD505E00090DB5 /* Debug */,
				18ED434822BD505E00090DB5 /* Release */,
			);
			defaultConfigurationIsVisible = 0;
			defaultConfigurationName = Release;
		};
		18ED434922BD505E00090DB5 /* Build configuration list for PBXNativeTarget "toDoList" */ = {
			isa = XCConfigurationList;
			buildConfigurations = (
				18ED434A22BD505E00090DB5 /* Debug */,
				18ED434B22BD505E00090DB5 /* Release */,
			);
			defaultConfigurationIsVisible = 0;
			defaultConfigurationName = Release;
		};
		18ED434C22BD505E00090DB5 /* Build configuration list for PBXNativeTarget "toDoListTests" */ = {
			isa = XCConfigurationList;
			buildConfigurations = (
				18ED434D22BD505E00090DB5 /* Debug */,
				18ED434E22BD505E00090DB5 /* Release */,
			);
			defaultConfigurationIsVisible = 0;
			defaultConfigurationName = Release;
		};
		18ED434F22BD505E00090DB5 /* Build configuration list for PBXNativeTarget "toDoListUITests" */ = {
			isa = XCConfigurationList;
			buildConfigurations = (
				18ED435022BD505E00090DB5 /* Debug */,
				18ED435122BD505E00090DB5 /* Release */,
			);
			defaultConfigurationIsVisible = 0;
			defaultConfigurationName = Release;
		};
/* End XCConfigurationList section */

/* Begin XCVersionGroup section */
		18ED432822BD505C00090DB5 /* toDoList.xcdatamodeld */ = {
			isa = XCVersionGroup;
			children = (
				18ED432922BD505C00090DB5 /* toDoList.xcdatamodel */,
			);
			currentVersion = 18ED432922BD505C00090DB5 /* toDoList.xcdatamodel */;
			path = toDoList.xcdatamodeld;
			sourceTree = "<group>";
			versionGroupType = wrapper.xcdatamodel;
		};
/* End XCVersionGroup section */
	};
	rootObject = 18ED431622BD505C00090DB5 /* Project object */;
}
